
Microsoft Visual Studio Solution File, Format Version 11.00
# Visual Studio 2010
Project("{8BC9CEB8-8B4A-11D0-8D11-00A0C91BC942}") = "Flatfish", "ui\Flatfish\Flatfish.vcxproj", "{CF3CF271-73C9-46BD-B88D-9B4EF0FD0E30}"
	ProjectSection(ProjectDependencies) = postProject
		{CE0A0294-86E6-41A9-BDCC-D38B587CC755} = {CE0A0294-86E6-41A9-BDCC-D38B587CC755}
	EndProjectSection
EndProject
Project("{2150E333-8FDC-42A3-9474-1A3956D46DE8}") = "sdk", "sdk", "{D67FA087-6065-4EE7-8A9A-525A42D8C73D}"
EndProject
Project("{2150E333-8FDC-42A3-9474-1A3956D46DE8}") = "ui", "ui", "{81706202-B5C5-44A0-AB8A-C96075B52DC6}"
EndProject
Project("{8BC9CEB8-8B4A-11D0-8D11-00A0C91BC942}") = "SystemManager", "ui\SystemManager\SystemManager.vcxproj", "{7A227C61-A790-45EE-99A3-92EE374A02B3}"
	ProjectSection(ProjectDependencies) = postProject
		{CE0A0294-86E6-41A9-BDCC-D38B587CC755} = {CE0A0294-86E6-41A9-BDCC-D38B587CC755}
		{2B766CDC-FFF2-4C5E-8991-9EE5A1CE1A57} = {2B766CDC-FFF2-4C5E-8991-9EE5A1CE1A57}
	EndProjectSection
EndProject
Project("{8BC9CEB8-8B4A-11D0-8D11-00A0C91BC942}") = "SceneManager", "ui\SceneManager\SceneManager.vcxproj", "{E85FEEFE-6DB1-4D68-82BB-D9CFBFEAF5E0}"
	ProjectSection(ProjectDependencies) = postProject
		{CE0A0294-86E6-41A9-BDCC-D38B587CC755} = {CE0A0294-86E6-41A9-BDCC-D38B587CC755}
		{2B766CDC-FFF2-4C5E-8991-9EE5A1CE1A57} = {2B766CDC-FFF2-4C5E-8991-9EE5A1CE1A57}
	EndProjectSection
EndProject
Project("{8BC9CEB8-8B4A-11D0-8D11-00A0C91BC942}") = "Login", "ui\Login\Login.vcxproj", "{A2A0075A-DDD7-4E69-BC3D-9237CCD38152}"
EndProject
Project("{8BC9CEB8-8B4A-11D0-8D11-00A0C91BC942}") = "PasswordAlter", "ui\PasswordAlter\PasswordAlter.vcxproj", "{F0A6FF9D-1DD0-4F94-8826-0D764A1C383D}"
EndProject
Project("{2150E333-8FDC-42A3-9474-1A3956D46DE8}") = "service", "service", "{4BBAEA6A-861B-4425-AD73-F9F5946D984D}"
EndProject
Project("{2150E333-8FDC-42A3-9474-1A3956D46DE8}") = "logic", "logic", "{DAF836F6-1910-4210-AEF0-51D0654AC0A7}"
EndProject
Project("{2150E333-8FDC-42A3-9474-1A3956D46DE8}") = "algorithm", "algorithm", "{18D56D08-5EA6-4A84-AC61-0DF1373C1A25}"
EndProject
Project("{8BC9CEB8-8B4A-11D0-8D11-00A0C91BC942}") = "common", "service\common\common.vcxproj", "{2B766CDC-FFF2-4C5E-8991-9EE5A1CE1A57}"
EndProject
Project("{8BC9CEB8-8B4A-11D0-8D11-00A0C91BC942}") = "sysapi", "service\sysapi\sysapi.vcxproj", "{06417890-9910-43C1-9941-E55276A95200}"
EndProject
Project("{8BC9CEB8-8B4A-11D0-8D11-00A0C91BC942}") = "ConfigManager", "service\ConfigManager\ConfigManager.vcxproj", "{571F5C61-5236-4AB9-87E7-EE3EB15C1E4F}"
EndProject
Project("{8BC9CEB8-8B4A-11D0-8D11-00A0C91BC942}") = "CommunicationCtrl", "service\CommunicationCtrl\CommunicationCtrl.vcxproj", "{08489EBF-2555-42D5-80EC-B04D12BDCC8A}"
EndProject
Project("{8BC9CEB8-8B4A-11D0-8D11-00A0C91BC942}") = "VisionProcess", "algorithm\VisionProcess\VisionProcess.vcxproj", "{94C6A70B-AB66-4745-84FB-0639CE4C3F69}"
EndProject
Project("{8BC9CEB8-8B4A-11D0-8D11-00A0C91BC942}") = "ManagerCtrl", "logic\ManagerCtrl\ManagerCtrl.vcxproj", "{CE0A0294-86E6-41A9-BDCC-D38B587CC755}"
EndProject
Project("{2150E333-8FDC-42A3-9474-1A3956D46DE8}") = "capture", "capture", "{D18805CB-DE50-465A-8489-C3D6FF5BA2CA}"
EndProject
Project("{8BC9CEB8-8B4A-11D0-8D11-00A0C91BC942}") = "ImageCtrl", "capture\ImageCtrl\ImageCtrl.vcxproj", "{B01F9646-AA52-4D47-9C8D-B9B3792F0FC8}"
EndProject
Project("{8BC9CEB8-8B4A-11D0-8D11-00A0C91BC942}") = "LightCtrl", "capture\LightCtrl\LightCtrl.vcxproj", "{C2F116FC-323C-4796-A33B-25F023C15CCB}"
EndProject
Project("{2150E333-8FDC-42A3-9474-1A3956D46DE8}") = "test", "test", "{D3AC3798-99DB-405F-B12F-BFB730476B3C}"
EndProject
Project("{8BC9CEB8-8B4A-11D0-8D11-00A0C91BC942}") = "ApplyFuction", "test\ApplyFuction\ApplyFuction.vcxproj", "{03ED1816-C0CD-4FB2-BA1B-31AB6BA6AF9A}"
EndProject
Project("{8BC9CEB8-8B4A-11D0-8D11-00A0C91BC942}") = "BaslerGigeCamera", "sdk\BaslerGigeCamera\BaslerGigeCamera.vcxproj", "{46F535D7-7A85-4F6E-9F59-821744F794F1}"
EndProject
Project("{8BC9CEB8-8B4A-11D0-8D11-00A0C91BC942}") = "AvtCamera", "sdk\AvtCamera\AvtCamera.vcxproj", "{F52A50D2-55F1-41EA-8107-E2588D404971}"
EndProject
Project("{8BC9CEB8-8B4A-11D0-8D11-00A0C91BC942}") = "skt", "service\skt\skt.vcxproj", "{1482E40C-043C-42A1-A1EB-998DAD2CBC53}"
EndProject
Project("{8BC9CEB8-8B4A-11D0-8D11-00A0C91BC942}") = "genericConnect", "sdk\genericConnect\generic_vision.vcxproj", "{028A39AC-C641-4F06-8FAE-C18B7EC038D9}"
EndProject
Project("{8BC9CEB8-8B4A-11D0-8D11-00A0C91BC942}") = "MVS2GBECamera", "sdk\MVS2\MVS2.vcxproj", "{3C4A5DEE-B9BD-4A35-B1A4-C19BC8A99A2F}"
EndProject
Project("{8BC9CEB8-8B4A-11D0-8D11-00A0C91BC942}") = "UsbCamera", "sdk\UsbCamera\UsbCamera.vcxproj", "{35E8A804-C0F7-4EA2-8D95-FF2EAF28DFC7}"
EndProject
Global
	GlobalSection(SolutionConfigurationPlatforms) = preSolution
		Debug|Win32 = Debug|Win32
		Debug|x64 = Debug|x64
		Release|Win32 = Release|Win32
		Release|x64 = Release|x64
	EndGlobalSection
	GlobalSection(ProjectConfigurationPlatforms) = postSolution
		{CF3CF271-73C9-46BD-B88D-9B4EF0FD0E30}.Debug|Win32.ActiveCfg = Debug|Win32
		{CF3CF271-73C9-46BD-B88D-9B4EF0FD0E30}.Debug|Win32.Build.0 = Debug|Win32
		{CF3CF271-73C9-46BD-B88D-9B4EF0FD0E30}.Debug|x64.ActiveCfg = Debug|x64
		{CF3CF271-73C9-46BD-B88D-9B4EF0FD0E30}.Debug|x64.Build.0 = Debug|x64
		{CF3CF271-73C9-46BD-B88D-9B4EF0FD0E30}.Release|Win32.ActiveCfg = Release|Win32
		{CF3CF271-73C9-46BD-B88D-9B4EF0FD0E30}.Release|Win32.Build.0 = Release|Win32
		{CF3CF271-73C9-46BD-B88D-9B4EF0FD0E30}.Release|x64.ActiveCfg = Release|x64
		{CF3CF271-73C9-46BD-B88D-9B4EF0FD0E30}.Release|x64.Build.0 = Release|x64
		{7A227C61-A790-45EE-99A3-92EE374A02B3}.Debug|Win32.ActiveCfg = Debug|Win32
		{7A227C61-A790-45EE-99A3-92EE374A02B3}.Debug|Win32.Build.0 = Debug|Win32
		{7A227C61-A790-45EE-99A3-92EE374A02B3}.Debug|x64.ActiveCfg = Debug|x64
		{7A227C61-A790-45EE-99A3-92EE374A02B3}.Debug|x64.Build.0 = Debug|x64
		{7A227C61-A790-45EE-99A3-92EE374A02B3}.Release|Win32.ActiveCfg = Release|Win32
		{7A227C61-A790-45EE-99A3-92EE374A02B3}.Release|Win32.Build.0 = Release|Win32
		{7A227C61-A790-45EE-99A3-92EE374A02B3}.Release|x64.ActiveCfg = Release|x64
		{7A227C61-A790-45EE-99A3-92EE374A02B3}.Release|x64.Build.0 = Release|x64
		{E85FEEFE-6DB1-4D68-82BB-D9CFBFEAF5E0}.Debug|Win32.ActiveCfg = Debug|Win32
		{E85FEEFE-6DB1-4D68-82BB-D9CFBFEAF5E0}.Debug|Win32.Build.0 = Debug|Win32
		{E85FEEFE-6DB1-4D68-82BB-D9CFBFEAF5E0}.Debug|x64.ActiveCfg = Debug|x64
		{E85FEEFE-6DB1-4D68-82BB-D9CFBFEAF5E0}.Debug|x64.Build.0 = Debug|x64
		{E85FEEFE-6DB1-4D68-82BB-D9CFBFEAF5E0}.Release|Win32.ActiveCfg = Release|Win32
		{E85FEEFE-6DB1-4D68-82BB-D9CFBFEAF5E0}.Release|Win32.Build.0 = Release|Win32
		{E85FEEFE-6DB1-4D68-82BB-D9CFBFEAF5E0}.Release|x64.ActiveCfg = Release|x64
		{E85FEEFE-6DB1-4D68-82BB-D9CFBFEAF5E0}.Release|x64.Build.0 = Release|x64
		{A2A0075A-DDD7-4E69-BC3D-9237CCD38152}.Debug|Win32.ActiveCfg = Debug|Win32
		{A2A0075A-DDD7-4E69-BC3D-9237CCD38152}.Debug|Win32.Build.0 = Debug|Win32
		{A2A0075A-DDD7-4E69-BC3D-9237CCD38152}.Debug|x64.ActiveCfg = Debug|x64
		{A2A0075A-DDD7-4E69-BC3D-9237CCD38152}.Debug|x64.Build.0 = Debug|x64
		{A2A0075A-DDD7-4E69-BC3D-9237CCD38152}.Release|Win32.ActiveCfg = Release|Win32
		{A2A0075A-DDD7-4E69-BC3D-9237CCD38152}.Release|Win32.Build.0 = Release|Win32
		{A2A0075A-DDD7-4E69-BC3D-9237CCD38152}.Release|x64.ActiveCfg = Release|x64
		{A2A0075A-DDD7-4E69-BC3D-9237CCD38152}.Release|x64.Build.0 = Release|x64
		{F0A6FF9D-1DD0-4F94-8826-0D764A1C383D}.Debug|Win32.ActiveCfg = Debug|Win32
		{F0A6FF9D-1DD0-4F94-8826-0D764A1C383D}.Debug|Win32.Build.0 = Debug|Win32
		{F0A6FF9D-1DD0-4F94-8826-0D764A1C383D}.Debug|x64.ActiveCfg = Debug|x64
		{F0A6FF9D-1DD0-4F94-8826-0D764A1C383D}.Debug|x64.Build.0 = Debug|x64
		{F0A6FF9D-1DD0-4F94-8826-0D764A1C383D}.Release|Win32.ActiveCfg = Release|Win32
		{F0A6FF9D-1DD0-4F94-8826-0D764A1C383D}.Release|Win32.Build.0 = Release|Win32
		{F0A6FF9D-1DD0-4F94-8826-0D764A1C383D}.Release|x64.ActiveCfg = Release|x64
		{F0A6FF9D-1DD0-4F94-8826-0D764A1C383D}.Release|x64.Build.0 = Release|x64
		{2B766CDC-FFF2-4C5E-8991-9EE5A1CE1A57}.Debug|Win32.ActiveCfg = Debug|Win32
		{2B766CDC-FFF2-4C5E-8991-9EE5A1CE1A57}.Debug|Win32.Build.0 = Debug|Win32
		{2B766CDC-FFF2-4C5E-8991-9EE5A1CE1A57}.Debug|x64.ActiveCfg = Debug|x64
		{2B766CDC-FFF2-4C5E-8991-9EE5A1CE1A57}.Debug|x64.Build.0 = Debug|x64
		{2B766CDC-FFF2-4C5E-8991-9EE5A1CE1A57}.Release|Win32.ActiveCfg = Release|Win32
		{2B766CDC-FFF2-4C5E-8991-9EE5A1CE1A57}.Release|Win32.Build.0 = Release|Win32
		{2B766CDC-FFF2-4C5E-8991-9EE5A1CE1A57}.Release|x64.ActiveCfg = Release|x64
		{2B766CDC-FFF2-4C5E-8991-9EE5A1CE1A57}.Release|x64.Build.0 = Release|x64
		{06417890-9910-43C1-9941-E55276A95200}.Debug|Win32.ActiveCfg = Debug|Win32
		{06417890-9910-43C1-9941-E55276A95200}.Debug|Win32.Build.0 = Debug|Win32
		{06417890-9910-43C1-9941-E55276A95200}.Debug|x64.ActiveCfg = Debug|x64
		{06417890-9910-43C1-9941-E55276A95200}.Debug|x64.Build.0 = Debug|x64
		{06417890-9910-43C1-9941-E55276A95200}.Release|Win32.ActiveCfg = Release|Win32
		{06417890-9910-43C1-9941-E55276A95200}.Release|Win32.Build.0 = Release|Win32
		{06417890-9910-43C1-9941-E55276A95200}.Release|x64.ActiveCfg = Release|x64
		{06417890-9910-43C1-9941-E55276A95200}.Release|x64.Build.0 = Release|x64
		{571F5C61-5236-4AB9-87E7-EE3EB15C1E4F}.Debug|Win32.ActiveCfg = Debug|Win32
		{571F5C61-5236-4AB9-87E7-EE3EB15C1E4F}.Debug|Win32.Build.0 = Debug|Win32
		{571F5C61-5236-4AB9-87E7-EE3EB15C1E4F}.Debug|x64.ActiveCfg = Debug|x64
		{571F5C61-5236-4AB9-87E7-EE3EB15C1E4F}.Debug|x64.Build.0 = Debug|x64
		{571F5C61-5236-4AB9-87E7-EE3EB15C1E4F}.Release|Win32.ActiveCfg = Release|Win32
		{571F5C61-5236-4AB9-87E7-EE3EB15C1E4F}.Release|Win32.Build.0 = Release|Win32
		{571F5C61-5236-4AB9-87E7-EE3EB15C1E4F}.Release|x64.ActiveCfg = Release|x64
		{571F5C61-5236-4AB9-87E7-EE3EB15C1E4F}.Release|x64.Build.0 = Release|x64
		{08489EBF-2555-42D5-80EC-B04D12BDCC8A}.Debug|Win32.ActiveCfg = Debug|Win32
		{08489EBF-2555-42D5-80EC-B04D12BDCC8A}.Debug|Win32.Build.0 = Debug|Win32
		{08489EBF-2555-42D5-80EC-B04D12BDCC8A}.Debug|x64.ActiveCfg = Debug|x64
		{08489EBF-2555-42D5-80EC-B04D12BDCC8A}.Debug|x64.Build.0 = Debug|x64
		{08489EBF-2555-42D5-80EC-B04D12BDCC8A}.Release|Win32.ActiveCfg = Release|Win32
		{08489EBF-2555-42D5-80EC-B04D12BDCC8A}.Release|Win32.Build.0 = Release|Win32
		{08489EBF-2555-42D5-80EC-B04D12BDCC8A}.Release|x64.ActiveCfg = Release|x64
		{08489EBF-2555-42D5-80EC-B04D12BDCC8A}.Release|x64.Build.0 = Release|x64
		{94C6A70B-AB66-4745-84FB-0639CE4C3F69}.Debug|Win32.ActiveCfg = Debug|Win32
		{94C6A70B-AB66-4745-84FB-0639CE4C3F69}.Debug|Win32.Build.0 = Debug|Win32
		{94C6A70B-AB66-4745-84FB-0639CE4C3F69}.Debug|x64.ActiveCfg = Debug|x64
		{94C6A70B-AB66-4745-84FB-0639CE4C3F69}.Debug|x64.Build.0 = Debug|x64
		{94C6A70B-AB66-4745-84FB-0639CE4C3F69}.Release|Win32.ActiveCfg = Release|Win32
		{94C6A70B-AB66-4745-84FB-0639CE4C3F69}.Release|Win32.Build.0 = Release|Win32
		{94C6A70B-AB66-4745-84FB-0639CE4C3F69}.Release|x64.ActiveCfg = Release|x64
		{94C6A70B-AB66-4745-84FB-0639CE4C3F69}.Release|x64.Build.0 = Release|x64
		{CE0A0294-86E6-41A9-BDCC-D38B587CC755}.Debug|Win32.ActiveCfg = Debug|Win32
		{CE0A0294-86E6-41A9-BDCC-D38B587CC755}.Debug|Win32.Build.0 = Debug|Win32
		{CE0A0294-86E6-41A9-BDCC-D38B587CC755}.Debug|x64.ActiveCfg = Debug|x64
		{CE0A0294-86E6-41A9-BDCC-D38B587CC755}.Debug|x64.Build.0 = Debug|x64
		{CE0A0294-86E6-41A9-BDCC-D38B587CC755}.Release|Win32.ActiveCfg = Release|Win32
		{CE0A0294-86E6-41A9-BDCC-D38B587CC755}.Release|Win32.Build.0 = Release|Win32
		{CE0A0294-86E6-41A9-BDCC-D38B587CC755}.Release|x64.ActiveCfg = Release|x64
		{CE0A0294-86E6-41A9-BDCC-D38B587CC755}.Release|x64.Build.0 = Release|x64
		{B01F9646-AA52-4D47-9C8D-B9B3792F0FC8}.Debug|Win32.ActiveCfg = Debug|Win32
		{B01F9646-AA52-4D47-9C8D-B9B3792F0FC8}.Debug|Win32.Build.0 = Debug|Win32
		{B01F9646-AA52-4D47-9C8D-B9B3792F0FC8}.Debug|x64.ActiveCfg = Debug|x64
		{B01F9646-AA52-4D47-9C8D-B9B3792F0FC8}.Debug|x64.Build.0 = Debug|x64
		{B01F9646-AA52-4D47-9C8D-B9B3792F0FC8}.Release|Win32.ActiveCfg = Release|Win32
		{B01F9646-AA52-4D47-9C8D-B9B3792F0FC8}.Release|Win32.Build.0 = Release|Win32
		{B01F9646-AA52-4D47-9C8D-B9B3792F0FC8}.Release|x64.ActiveCfg = Release|x64
		{B01F9646-AA52-4D47-9C8D-B9B3792F0FC8}.Release|x64.Build.0 = Release|x64
		{C2F116FC-323C-4796-A33B-25F023C15CCB}.Debug|Win32.ActiveCfg = Debug|Win32
		{C2F116FC-323C-4796-A33B-25F023C15CCB}.Debug|Win32.Build.0 = Debug|Win32
		{C2F116FC-323C-4796-A33B-25F023C15CCB}.Debug|x64.ActiveCfg = Debug|x64
		{C2F116FC-323C-4796-A33B-25F023C15CCB}.Debug|x64.Build.0 = Debug|x64
		{C2F116FC-323C-4796-A33B-25F023C15CCB}.Release|Win32.ActiveCfg = Release|Win32
		{C2F116FC-323C-4796-A33B-25F023C15CCB}.Release|Win32.Build.0 = Release|Win32
		{C2F116FC-323C-4796-A33B-25F023C15CCB}.Release|x64.ActiveCfg = Release|x64
		{C2F116FC-323C-4796-A33B-25F023C15CCB}.Release|x64.Build.0 = Release|x64
		{03ED1816-C0CD-4FB2-BA1B-31AB6BA6AF9A}.Debug|Win32.ActiveCfg = Debug|Win32
		{03ED1816-C0CD-4FB2-BA1B-31AB6BA6AF9A}.Debug|Win32.Build.0 = Debug|Win32
		{03ED1816-C0CD-4FB2-BA1B-31AB6BA6AF9A}.Debug|x64.ActiveCfg = Debug|x64
		{03ED1816-C0CD-4FB2-BA1B-31AB6BA6AF9A}.Debug|x64.Build.0 = Debug|x64
		{03ED1816-C0CD-4FB2-BA1B-31AB6BA6AF9A}.Release|Win32.ActiveCfg = Release|Win32
		{03ED1816-C0CD-4FB2-BA1B-31AB6BA6AF9A}.Release|Win32.Build.0 = Release|Win32
		{03ED1816-C0CD-4FB2-BA1B-31AB6BA6AF9A}.Release|x64.ActiveCfg = Release|x64
		{03ED1816-C0CD-4FB2-BA1B-31AB6BA6AF9A}.Release|x64.Build.0 = Release|x64
		{46F535D7-7A85-4F6E-9F59-821744F794F1}.Debug|Win32.ActiveCfg = Debug|Win32
		{46F535D7-7A85-4F6E-9F59-821744F794F1}.Debug|Win32.Build.0 = Debug|Win32
		{46F535D7-7A85-4F6E-9F59-821744F794F1}.Debug|x64.ActiveCfg = Debug|x64
		{46F535D7-7A85-4F6E-9F59-821744F794F1}.Debug|x64.Build.0 = Debug|x64
		{46F535D7-7A85-4F6E-9F59-821744F794F1}.Release|Win32.ActiveCfg = Release|Win32
		{46F535D7-7A85-4F6E-9F59-821744F794F1}.Release|Win32.Build.0 = Release|Win32
		{46F535D7-7A85-4F6E-9F59-821744F794F1}.Release|x64.ActiveCfg = Release|x64
		{46F535D7-7A85-4F6E-9F59-821744F794F1}.Release|x64.Build.0 = Release|x64
		{F52A50D2-55F1-41EA-8107-E2588D404971}.Debug|Win32.ActiveCfg = Debug|Win32
		{F52A50D2-55F1-41EA-8107-E2588D404971}.Debug|Win32.Build.0 = Debug|Win32
		{F52A50D2-55F1-41EA-8107-E2588D404971}.Debug|x64.ActiveCfg = Debug|x64
		{F52A50D2-55F1-41EA-8107-E2588D404971}.Debug|x64.Build.0 = Debug|x64
		{F52A50D2-55F1-41EA-8107-E2588D404971}.Release|Win32.ActiveCfg = Release|Win32
		{F52A50D2-55F1-41EA-8107-E2588D404971}.Release|Win32.Build.0 = Release|Win32
		{F52A50D2-55F1-41EA-8107-E2588D404971}.Release|x64.ActiveCfg = Release|x64
		{F52A50D2-55F1-41EA-8107-E2588D404971}.Release|x64.Build.0 = Release|x64
		{1482E40C-043C-42A1-A1EB-998DAD2CBC53}.Debug|Win32.ActiveCfg = Debug|Win32
		{1482E40C-043C-42A1-A1EB-998DAD2CBC53}.Debug|Win32.Build.0 = Debug|Win32
		{1482E40C-043C-42A1-A1EB-998DAD2CBC53}.Debug|x64.ActiveCfg = Debug|x64
		{1482E40C-043C-42A1-A1EB-998DAD2CBC53}.Debug|x64.Build.0 = Debug|x64
		{1482E40C-043C-42A1-A1EB-998DAD2CBC53}.Release|Win32.ActiveCfg = Release|Win32
		{1482E40C-043C-42A1-A1EB-998DAD2CBC53}.Release|Win32.Build.0 = Release|Win32
		{1482E40C-043C-42A1-A1EB-998DAD2CBC53}.Release|x64.ActiveCfg = Release|x64
		{1482E40C-043C-42A1-A1EB-998DAD2CBC53}.Release|x64.Build.0 = Release|x64
		{028A39AC-C641-4F06-8FAE-C18B7EC038D9}.Debug|Win32.ActiveCfg = Debug|Win32
		{028A39AC-C641-4F06-8FAE-C18B7EC038D9}.Debug|Win32.Build.0 = Debug|Win32
		{028A39AC-C641-4F06-8FAE-C18B7EC038D9}.Debug|x64.ActiveCfg = Debug|x64
		{028A39AC-C641-4F06-8FAE-C18B7EC038D9}.Debug|x64.Build.0 = Debug|x64
		{028A39AC-C641-4F06-8FAE-C18B7EC038D9}.Release|Win32.ActiveCfg = Release|Win32
		{028A39AC-C641-4F06-8FAE-C18B7EC038D9}.Release|Win32.Build.0 = Release|Win32
		{028A39AC-C641-4F06-8FAE-C18B7EC038D9}.Release|x64.ActiveCfg = Release|x64
		{028A39AC-C641-4F06-8FAE-C18B7EC038D9}.Release|x64.Build.0 = Release|x64
		{3C4A5DEE-B9BD-4A35-B1A4-C19BC8A99A2F}.Debug|Win32.ActiveCfg = Debug|Win32
		{3C4A5DEE-B9BD-4A35-B1A4-C19BC8A99A2F}.Debug|Win32.Build.0 = Debug|Win32
		{3C4A5DEE-B9BD-4A35-B1A4-C19BC8A99A2F}.Debug|x64.ActiveCfg = Debug|Win32
		{3C4A5DEE-B9BD-4A35-B1A4-C19BC8A99A2F}.Release|Win32.ActiveCfg = Release|Win32
		{3C4A5DEE-B9BD-4A35-B1A4-C19BC8A99A2F}.Release|Win32.Build.0 = Release|Win32
		{3C4A5DEE-B9BD-4A35-B1A4-C19BC8A99A2F}.Release|x64.ActiveCfg = Release|Win32
		{35E8A804-C0F7-4EA2-8D95-FF2EAF28DFC7}.Debug|Win32.ActiveCfg = Debug|Win32
		{35E8A804-C0F7-4EA2-8D95-FF2EAF28DFC7}.Debug|Win32.Build.0 = Debug|Win32
		{35E8A804-C0F7-4EA2-8D95-FF2EAF28DFC7}.Debug|x64.ActiveCfg = Debug|x64
		{35E8A804-C0F7-4EA2-8D95-FF2EAF28DFC7}.Debug|x64.Build.0 = Debug|x64
		{35E8A804-C0F7-4EA2-8D95-FF2EAF28DFC7}.Release|Win32.ActiveCfg = Release|Win32
		{35E8A804-C0F7-4EA2-8D95-FF2EAF28DFC7}.Release|Win32.Build.0 = Release|Win32
		{35E8A804-C0F7-4EA2-8D95-FF2EAF28DFC7}.Release|x64.ActiveCfg = Release|x64
		{35E8A804-C0F7-4EA2-8D95-FF2EAF28DFC7}.Release|x64.Build.0 = Release|x64
	EndGlobalSection
	GlobalSection(SolutionProperties) = preSolution
		HideSolutionNode = FALSE
	EndGlobalSection
	GlobalSection(NestedProjects) = preSolution
		{CF3CF271-73C9-46BD-B88D-9B4EF0FD0E30} = {81706202-B5C5-44A0-AB8A-C96075B52DC6}
		{7A227C61-A790-45EE-99A3-92EE374A02B3} = {81706202-B5C5-44A0-AB8A-C96075B52DC6}
		{E85FEEFE-6DB1-4D68-82BB-D9CFBFEAF5E0} = {81706202-B5C5-44A0-AB8A-C96075B52DC6}
		{A2A0075A-DDD7-4E69-BC3D-9237CCD38152} = {81706202-B5C5-44A0-AB8A-C96075B52DC6}
		{F0A6FF9D-1DD0-4F94-8826-0D764A1C383D} = {81706202-B5C5-44A0-AB8A-C96075B52DC6}
		{46F535D7-7A85-4F6E-9F59-821744F794F1} = {D67FA087-6065-4EE7-8A9A-525A42D8C73D}
		{F52A50D2-55F1-41EA-8107-E2588D404971} = {D67FA087-6065-4EE7-8A9A-525A42D8C73D}
		{028A39AC-C641-4F06-8FAE-C18B7EC038D9} = {D67FA087-6065-4EE7-8A9A-525A42D8C73D}
		{3C4A5DEE-B9BD-4A35-B1A4-C19BC8A99A2F} = {D67FA087-6065-4EE7-8A9A-525A42D8C73D}
		{35E8A804-C0F7-4EA2-8D95-FF2EAF28DFC7} = {D67FA087-6065-4EE7-8A9A-525A42D8C73D}
		{2B766CDC-FFF2-4C5E-8991-9EE5A1CE1A57} = {4BBAEA6A-861B-4425-AD73-F9F5946D984D}
		{06417890-9910-43C1-9941-E55276A95200} = {4BBAEA6A-861B-4425-AD73-F9F5946D984D}
		{571F5C61-5236-4AB9-87E7-EE3EB15C1E4F} = {4BBAEA6A-861B-4425-AD73-F9F5946D984D}
		{08489EBF-2555-42D5-80EC-B04D12BDCC8A} = {4BBAEA6A-861B-4425-AD73-F9F5946D984D}
		{1482E40C-043C-42A1-A1EB-998DAD2CBC53} = {4BBAEA6A-861B-4425-AD73-F9F5946D984D}
		{CE0A0294-86E6-41A9-BDCC-D38B587CC755} = {DAF836F6-1910-4210-AEF0-51D0654AC0A7}
		{94C6A70B-AB66-4745-84FB-0639CE4C3F69} = {18D56D08-5EA6-4A84-AC61-0DF1373C1A25}
		{B01F9646-AA52-4D47-9C8D-B9B3792F0FC8} = {D18805CB-DE50-465A-8489-C3D6FF5BA2CA}
		{C2F116FC-323C-4796-A33B-25F023C15CCB} = {D18805CB-DE50-465A-8489-C3D6FF5BA2CA}
		{03ED1816-C0CD-4FB2-BA1B-31AB6BA6AF9A} = {D3AC3798-99DB-405F-B12F-BFB730476B3C}
	EndGlobalSection
EndGlobal
